
Microsoft Visual Studio Solution File, Format Version 12.00
# Visual Studio 2012
Project("{F088123C-0E9E-452A-89E6-6BA2F21D5CAC}") = "SocialSystem", "SocialSystem\SocialSystem.modelproj", "{1511CBD9-FFB0-46F6-A3CE-8E25F5CF05BA}"
EndProject
Project("{FAE04EC0-301F-11D3-BF4B-00C04F79EFBC}") = "WpfClient", "WpfClient\WpfClient.csproj", "{0D2E5F93-2663-4600-B767-9BE8B268CA5C}"
EndProject
Project("{FAE04EC0-301F-11D3-BF4B-00C04F79EFBC}") = "BaseDataLayout", "BaseDataLayout\BaseDataLayout.csproj", "{350347C0-7F84-4A3F-B2D2-D775AC54451B}"
EndProject
Project("{FAE04EC0-301F-11D3-BF4B-00C04F79EFBC}") = "BaseWebApi", "BaseWebApi\BaseWebApi.csproj", "{C2AD289B-5ED7-4985-B7A6-A9F94B776137}"
EndProject
Project("{FAE04EC0-301F-11D3-BF4B-00C04F79EFBC}") = "WPFSignalRServer", "WPFSignalRServer\WPFSignalRServer.csproj", "{29A0847C-A71D-4C3B-932F-9B472C0908C4}"
EndProject
Project("{FAE04EC0-301F-11D3-BF4B-00C04F79EFBC}") = "WebClient", "WebSignalRClient\WebClient.csproj", "{CC7CD55C-A6DB-4810-A327-ACD00DFF5630}"
EndProject
Project("{2150E333-8FDC-42A3-9474-1A3956D46DE8}") = "Client", "Client", "{C8581B39-6AC0-4D1E-AF32-83C19F871B4E}"
EndProject
Project("{FAE04EC0-301F-11D3-BF4B-00C04F79EFBC}") = "WPFSignalRClient", "WPFSignalRClient\WPFSignalRClient.csproj", "{40C56846-04AF-457A-A68F-EBCABD765E70}"
EndProject
Project("{2150E333-8FDC-42A3-9474-1A3956D46DE8}") = "Designe", "Designe", "{9492B09E-F007-4DE7-B12E-5F19903C9F7D}"
EndProject
Project("{2150E333-8FDC-42A3-9474-1A3956D46DE8}") = "Server", "Server", "{201E5691-3901-4C33-B193-10B4B9D1CED0}"
EndProject
Project("{FAE04EC0-301F-11D3-BF4B-00C04F79EFBC}") = "SignalCore", "SignalCore\SignalCore.csproj", "{3C9927E4-1008-4A8F-A0D9-0DBCFE8C6570}"
EndProject
Project("{FAE04EC0-301F-11D3-BF4B-00C04F79EFBC}") = "BCP.ViewModel", "BCP.ViewModel\BCP.ViewModel.csproj", "{71A0A4FB-2A11-4CFF-95E6-37D0C07CB40D}"
EndProject
Project("{2150E333-8FDC-42A3-9474-1A3956D46DE8}") = "ServerConstruction", "ServerConstruction", "{7AAB4DD8-16BA-4790-8DBF-3E01D10F5752}"
EndProject
Project("{FAE04EC0-301F-11D3-BF4B-00C04F79EFBC}") = "BCP.Common", "BCP.Common\BCP.Common.csproj", "{1BF111F0-1A5F-47FE-BD3C-DC272CD3982B}"
EndProject
Project("{FAE04EC0-301F-11D3-BF4B-00C04F79EFBC}") = "BCP.Domain", "BCP.Domain\BCP.Domain.csproj", "{3CDB2DE5-2927-4F8C-ABA8-A97FF60EB4CE}"
EndProject
Project("{FAE04EC0-301F-11D3-BF4B-00C04F79EFBC}") = "BCP.WebAPI", "BCP.WebAPI\BCP.WebAPI.csproj", "{63B4C3F6-3C91-4D74-B0B6-5720BBBB428A}"
EndProject
Project("{FAE04EC0-301F-11D3-BF4B-00C04F79EFBC}") = "BCP.WebAPI.Tests", "BCP.WebAPI.Tests\BCP.WebAPI.Tests.csproj", "{627D17F4-6B90-439B-A356-7C29A33D9954}"
EndProject
Project("{FAE04EC0-301F-11D3-BF4B-00C04F79EFBC}") = "BCPTest", "BCPTest\BCPTest.csproj", "{038D9150-47C2-4208-9D46-26434478E37E}"
EndProject
Global
	GlobalSection(SolutionConfigurationPlatforms) = preSolution
		Debug|Any CPU = Debug|Any CPU
		Release|Any CPU = Release|Any CPU
	EndGlobalSection
	GlobalSection(ProjectConfigurationPlatforms) = postSolution
		{1511CBD9-FFB0-46F6-A3CE-8E25F5CF05BA}.Debug|Any CPU.ActiveCfg = Debug|Any CPU
		{1511CBD9-FFB0-46F6-A3CE-8E25F5CF05BA}.Debug|Any CPU.Build.0 = Debug|Any CPU
		{1511CBD9-FFB0-46F6-A3CE-8E25F5CF05BA}.Release|Any CPU.ActiveCfg = Release|Any CPU
		{1511CBD9-FFB0-46F6-A3CE-8E25F5CF05BA}.Release|Any CPU.Build.0 = Release|Any CPU
		{0D2E5F93-2663-4600-B767-9BE8B268CA5C}.Debug|Any CPU.ActiveCfg = Debug|Any CPU
		{0D2E5F93-2663-4600-B767-9BE8B268CA5C}.Debug|Any CPU.Build.0 = Debug|Any CPU
		{0D2E5F93-2663-4600-B767-9BE8B268CA5C}.Release|Any CPU.ActiveCfg = Release|Any CPU
		{0D2E5F93-2663-4600-B767-9BE8B268CA5C}.Release|Any CPU.Build.0 = Release|Any CPU
		{350347C0-7F84-4A3F-B2D2-D775AC54451B}.Debug|Any CPU.ActiveCfg = Debug|Any CPU
		{350347C0-7F84-4A3F-B2D2-D775AC54451B}.Debug|Any CPU.Build.0 = Debug|Any CPU
		{350347C0-7F84-4A3F-B2D2-D775AC54451B}.Release|Any CPU.ActiveCfg = Release|Any CPU
		{350347C0-7F84-4A3F-B2D2-D775AC54451B}.Release|Any CPU.Build.0 = Release|Any CPU
		{C2AD289B-5ED7-4985-B7A6-A9F94B776137}.Debug|Any CPU.ActiveCfg = Debug|Any CPU
		{C2AD289B-5ED7-4985-B7A6-A9F94B776137}.Debug|Any CPU.Build.0 = Debug|Any CPU
		{C2AD289B-5ED7-4985-B7A6-A9F94B776137}.Release|Any CPU.ActiveCfg = Release|Any CPU
		{C2AD289B-5ED7-4985-B7A6-A9F94B776137}.Release|Any CPU.Build.0 = Release|Any CPU
		{29A0847C-A71D-4C3B-932F-9B472C0908C4}.Debug|Any CPU.ActiveCfg = Debug|Any CPU
		{29A0847C-A71D-4C3B-932F-9B472C0908C4}.Debug|Any CPU.Build.0 = Debug|Any CPU
		{29A0847C-A71D-4C3B-932F-9B472C0908C4}.Release|Any CPU.ActiveCfg = Release|Any CPU
		{29A0847C-A71D-4C3B-932F-9B472C0908C4}.Release|Any CPU.Build.0 = Release|Any CPU
		{CC7CD55C-A6DB-4810-A327-ACD00DFF5630}.Debug|Any CPU.ActiveCfg = Debug|Any CPU
		{CC7CD55C-A6DB-4810-A327-ACD00DFF5630}.Debug|Any CPU.Build.0 = Debug|Any CPU
		{CC7CD55C-A6DB-4810-A327-ACD00DFF5630}.Release|Any CPU.ActiveCfg = Release|Any CPU
		{CC7CD55C-A6DB-4810-A327-ACD00DFF5630}.Release|Any CPU.Build.0 = Release|Any CPU
		{40C56846-04AF-457A-A68F-EBCABD765E70}.Debug|Any CPU.ActiveCfg = Debug|Any CPU
		{40C56846-04AF-457A-A68F-EBCABD765E70}.Debug|Any CPU.Build.0 = Debug|Any CPU
		{40C56846-04AF-457A-A68F-EBCABD765E70}.Release|Any CPU.ActiveCfg = Release|Any CPU
		{40C56846-04AF-457A-A68F-EBCABD765E70}.Release|Any CPU.Build.0 = Release|Any CPU
		{3C9927E4-1008-4A8F-A0D9-0DBCFE8C6570}.Debug|Any CPU.ActiveCfg = Debug|Any CPU
		{3C9927E4-1008-4A8F-A0D9-0DBCFE8C6570}.Debug|Any CPU.Build.0 = Debug|Any CPU
		{3C9927E4-1008-4A8F-A0D9-0DBCFE8C6570}.Release|Any CPU.ActiveCfg = Release|Any CPU
		{3C9927E4-1008-4A8F-A0D9-0DBCFE8C6570}.Release|Any CPU.Build.0 = Release|Any CPU
		{71A0A4FB-2A11-4CFF-95E6-37D0C07CB40D}.Debug|Any CPU.ActiveCfg = Debug|Any CPU
		{71A0A4FB-2A11-4CFF-95E6-37D0C07CB40D}.Debug|Any CPU.Build.0 = Debug|Any CPU
		{71A0A4FB-2A11-4CFF-95E6-37D0C07CB40D}.Release|Any CPU.ActiveCfg = Release|Any CPU
		{71A0A4FB-2A11-4CFF-95E6-37D0C07CB40D}.Release|Any CPU.Build.0 = Release|Any CPU
		{1BF111F0-1A5F-47FE-BD3C-DC272CD3982B}.Debug|Any CPU.ActiveCfg = Debug|Any CPU
		{1BF111F0-1A5F-47FE-BD3C-DC272CD3982B}.Debug|Any CPU.Build.0 = Debug|Any CPU
		{1BF111F0-1A5F-47FE-BD3C-DC272CD3982B}.Release|Any CPU.ActiveCfg = Release|Any CPU
		{1BF111F0-1A5F-47FE-BD3C-DC272CD3982B}.Release|Any CPU.Build.0 = Release|Any CPU
		{3CDB2DE5-2927-4F8C-ABA8-A97FF60EB4CE}.Debug|Any CPU.ActiveCfg = Debug|Any CPU
		{3CDB2DE5-2927-4F8C-ABA8-A97FF60EB4CE}.Debug|Any CPU.Build.0 = Debug|Any CPU
		{3CDB2DE5-2927-4F8C-ABA8-A97FF60EB4CE}.Release|Any CPU.ActiveCfg = Release|Any CPU
		{3CDB2DE5-2927-4F8C-ABA8-A97FF60EB4CE}.Release|Any CPU.Build.0 = Release|Any CPU
		{63B4C3F6-3C91-4D74-B0B6-5720BBBB428A}.Debug|Any CPU.ActiveCfg = Debug|Any CPU
		{63B4C3F6-3C91-4D74-B0B6-5720BBBB428A}.Debug|Any CPU.Build.0 = Debug|Any CPU
		{63B4C3F6-3C91-4D74-B0B6-5720BBBB428A}.Release|Any CPU.ActiveCfg = Release|Any CPU
		{63B4C3F6-3C91-4D74-B0B6-5720BBBB428A}.Release|Any CPU.Build.0 = Release|Any CPU
		{627D17F4-6B90-439B-A356-7C29A33D9954}.Debug|Any CPU.ActiveCfg = Debug|Any CPU
		{627D17F4-6B90-439B-A356-7C29A33D9954}.Debug|Any CPU.Build.0 = Debug|Any CPU
		{627D17F4-6B90-439B-A356-7C29A33D9954}.Release|Any CPU.ActiveCfg = Release|Any CPU
		{627D17F4-6B90-439B-A356-7C29A33D9954}.Release|Any CPU.Build.0 = Release|Any CPU
		{038D9150-47C2-4208-9D46-26434478E37E}.Debug|Any CPU.ActiveCfg = Debug|Any CPU
		{038D9150-47C2-4208-9D46-26434478E37E}.Debug|Any CPU.Build.0 = Debug|Any CPU
		{038D9150-47C2-4208-9D46-26434478E37E}.Release|Any CPU.ActiveCfg = Release|Any CPU
		{038D9150-47C2-4208-9D46-26434478E37E}.Release|Any CPU.Build.0 = Release|Any CPU
	EndGlobalSection
	GlobalSection(SolutionProperties) = preSolution
		HideSolutionNode = FALSE
	EndGlobalSection
	GlobalSection(NestedProjects) = preSolution
		{1511CBD9-FFB0-46F6-A3CE-8E25F5CF05BA} = {9492B09E-F007-4DE7-B12E-5F19903C9F7D}
		{CC7CD55C-A6DB-4810-A327-ACD00DFF5630} = {C8581B39-6AC0-4D1E-AF32-83C19F871B4E}
		{0D2E5F93-2663-4600-B767-9BE8B268CA5C} = {C8581B39-6AC0-4D1E-AF32-83C19F871B4E}
		{40C56846-04AF-457A-A68F-EBCABD765E70} = {C8581B39-6AC0-4D1E-AF32-83C19F871B4E}
		{C2AD289B-5ED7-4985-B7A6-A9F94B776137} = {201E5691-3901-4C33-B193-10B4B9D1CED0}
		{29A0847C-A71D-4C3B-932F-9B472C0908C4} = {201E5691-3901-4C33-B193-10B4B9D1CED0}
		{350347C0-7F84-4A3F-B2D2-D775AC54451B} = {201E5691-3901-4C33-B193-10B4B9D1CED0}
		{3C9927E4-1008-4A8F-A0D9-0DBCFE8C6570} = {201E5691-3901-4C33-B193-10B4B9D1CED0}
		{71A0A4FB-2A11-4CFF-95E6-37D0C07CB40D} = {7AAB4DD8-16BA-4790-8DBF-3E01D10F5752}
		{1BF111F0-1A5F-47FE-BD3C-DC272CD3982B} = {7AAB4DD8-16BA-4790-8DBF-3E01D10F5752}
		{3CDB2DE5-2927-4F8C-ABA8-A97FF60EB4CE} = {7AAB4DD8-16BA-4790-8DBF-3E01D10F5752}
		{63B4C3F6-3C91-4D74-B0B6-5720BBBB428A} = {7AAB4DD8-16BA-4790-8DBF-3E01D10F5752}
		{627D17F4-6B90-439B-A356-7C29A33D9954} = {7AAB4DD8-16BA-4790-8DBF-3E01D10F5752}
		{038D9150-47C2-4208-9D46-26434478E37E} = {7AAB4DD8-16BA-4790-8DBF-3E01D10F5752}
	EndGlobalSection
EndGlobal
