
Microsoft Visual Studio Solution File, Format Version 12.00
# Visual Studio 14
VisualStudioVersion = 14.0.24720.0
MinimumVisualStudioVersion = 10.0.40219.1
Project("{F088123C-0E9E-452A-89E6-6BA2F21D5CAC}") = "SocialSystem", "SocialSystem\SocialSystem.modelproj", "{1511CBD9-FFB0-46F6-A3CE-8E25F5CF05BA}"
EndProject
Project("{FAE04EC0-301F-11D3-BF4B-00C04F79EFBC}") = "WpfClient", "WpfClient\WpfClient.csproj", "{0D2E5F93-2663-4600-B767-9BE8B268CA5C}"
EndProject
Project("{FAE04EC0-301F-11D3-BF4B-00C04F79EFBC}") = "BaseDataLayout", "BaseDataLayout\BaseDataLayout.csproj", "{350347C0-7F84-4A3F-B2D2-D775AC54451B}"
EndProject
Project("{FAE04EC0-301F-11D3-BF4B-00C04F79EFBC}") = "BaseWebApi", "BaseWebApi\BaseWebApi.csproj", "{C2AD289B-5ED7-4985-B7A6-A9F94B776137}"
EndProject
Project("{FAE04EC0-301F-11D3-BF4B-00C04F79EFBC}") = "WPFSignalRServer", "WPFSignalRServer\WPFSignalRServer.csproj", "{29A0847C-A71D-4C3B-932F-9B472C0908C4}"
EndProject
Project("{FAE04EC0-301F-11D3-BF4B-00C04F79EFBC}") = "WebClient", "WebSignalRClient\WebClient.csproj", "{CC7CD55C-A6DB-4810-A327-ACD00DFF5630}"
EndProject
Project("{2150E333-8FDC-42A3-9474-1A3956D46DE8}") = "Client", "Client", "{C8581B39-6AC0-4D1E-AF32-83C19F871B4E}"
EndProject
Project("{FAE04EC0-301F-11D3-BF4B-00C04F79EFBC}") = "WPFSignalRClient", "WPFSignalRClient\WPFSignalRClient.csproj", "{40C56846-04AF-457A-A68F-EBCABD765E70}"
EndProject
Project("{2150E333-8FDC-42A3-9474-1A3956D46DE8}") = "Designe", "Designe", "{9492B09E-F007-4DE7-B12E-5F19903C9F7D}"
EndProject
Project("{2150E333-8FDC-42A3-9474-1A3956D46DE8}") = "Server", "Server", "{201E5691-3901-4C33-B193-10B4B9D1CED0}"
EndProject
Project("{FAE04EC0-301F-11D3-BF4B-00C04F79EFBC}") = "SignalCore", "SignalCore\SignalCore.csproj", "{3C9927E4-1008-4A8F-A0D9-0DBCFE8C6570}"
EndProject
Global
	GlobalSection(SolutionConfigurationPlatforms) = preSolution
		Debug|Any CPU = Debug|Any CPU
		Release|Any CPU = Release|Any CPU
	EndGlobalSection
	GlobalSection(ProjectConfigurationPlatforms) = postSolution
		{1511CBD9-FFB0-46F6-A3CE-8E25F5CF05BA}.Debug|Any CPU.ActiveCfg = Debug|Any CPU
		{1511CBD9-FFB0-46F6-A3CE-8E25F5CF05BA}.Debug|Any CPU.Build.0 = Debug|Any CPU
		{1511CBD9-FFB0-46F6-A3CE-8E25F5CF05BA}.Release|Any CPU.ActiveCfg = Release|Any CPU
		{1511CBD9-FFB0-46F6-A3CE-8E25F5CF05BA}.Release|Any CPU.Build.0 = Release|Any CPU
		{0D2E5F93-2663-4600-B767-9BE8B268CA5C}.Debug|Any CPU.ActiveCfg = Debug|Any CPU
		{0D2E5F93-2663-4600-B767-9BE8B268CA5C}.Debug|Any CPU.Build.0 = Debug|Any CPU
		{0D2E5F93-2663-4600-B767-9BE8B268CA5C}.Release|Any CPU.ActiveCfg = Release|Any CPU
		{0D2E5F93-2663-4600-B767-9BE8B268CA5C}.Release|Any CPU.Build.0 = Release|Any CPU
		{350347C0-7F84-4A3F-B2D2-D775AC54451B}.Debug|Any CPU.ActiveCfg = Debug|Any CPU
		{350347C0-7F84-4A3F-B2D2-D775AC54451B}.Debug|Any CPU.Build.0 = Debug|Any CPU
		{350347C0-7F84-4A3F-B2D2-D775AC54451B}.Release|Any CPU.ActiveCfg = Release|Any CPU
		{350347C0-7F84-4A3F-B2D2-D775AC54451B}.Release|Any CPU.Build.0 = Release|Any CPU
		{C2AD289B-5ED7-4985-B7A6-A9F94B776137}.Debug|Any CPU.ActiveCfg = Debug|Any CPU
		{C2AD289B-5ED7-4985-B7A6-A9F94B776137}.Debug|Any CPU.Build.0 = Debug|Any CPU
		{C2AD289B-5ED7-4985-B7A6-A9F94B776137}.Release|Any CPU.ActiveCfg = Release|Any CPU
		{C2AD289B-5ED7-4985-B7A6-A9F94B776137}.Release|Any CPU.Build.0 = Release|Any CPU
		{29A0847C-A71D-4C3B-932F-9B472C0908C4}.Debug|Any CPU.ActiveCfg = Debug|Any CPU
		{29A0847C-A71D-4C3B-932F-9B472C0908C4}.Debug|Any CPU.Build.0 = Debug|Any CPU
		{29A0847C-A71D-4C3B-932F-9B472C0908C4}.Release|Any CPU.ActiveCfg = Release|Any CPU
		{29A0847C-A71D-4C3B-932F-9B472C0908C4}.Release|Any CPU.Build.0 = Release|Any CPU
		{CC7CD55C-A6DB-4810-A327-ACD00DFF5630}.Debug|Any CPU.ActiveCfg = Debug|Any CPU
		{CC7CD55C-A6DB-4810-A327-ACD00DFF5630}.Debug|Any CPU.Build.0 = Debug|Any CPU
		{CC7CD55C-A6DB-4810-A327-ACD00DFF5630}.Release|Any CPU.ActiveCfg = Release|Any CPU
		{CC7CD55C-A6DB-4810-A327-ACD00DFF5630}.Release|Any CPU.Build.0 = Release|Any CPU
		{40C56846-04AF-457A-A68F-EBCABD765E70}.Debug|Any CPU.ActiveCfg = Debug|Any CPU
		{40C56846-04AF-457A-A68F-EBCABD765E70}.Debug|Any CPU.Build.0 = Debug|Any CPU
		{40C56846-04AF-457A-A68F-EBCABD765E70}.Release|Any CPU.ActiveCfg = Release|Any CPU
		{40C56846-04AF-457A-A68F-EBCABD765E70}.Release|Any CPU.Build.0 = Release|Any CPU
		{3C9927E4-1008-4A8F-A0D9-0DBCFE8C6570}.Debug|Any CPU.ActiveCfg = Debug|Any CPU
		{3C9927E4-1008-4A8F-A0D9-0DBCFE8C6570}.Debug|Any CPU.Build.0 = Debug|Any CPU
		{3C9927E4-1008-4A8F-A0D9-0DBCFE8C6570}.Release|Any CPU.ActiveCfg = Release|Any CPU
		{3C9927E4-1008-4A8F-A0D9-0DBCFE8C6570}.Release|Any CPU.Build.0 = Release|Any CPU
	EndGlobalSection
	GlobalSection(SolutionProperties) = preSolution
		HideSolutionNode = FALSE
	EndGlobalSection
	GlobalSection(NestedProjects) = preSolution
		{1511CBD9-FFB0-46F6-A3CE-8E25F5CF05BA} = {9492B09E-F007-4DE7-B12E-5F19903C9F7D}
		{0D2E5F93-2663-4600-B767-9BE8B268CA5C} = {C8581B39-6AC0-4D1E-AF32-83C19F871B4E}
		{350347C0-7F84-4A3F-B2D2-D775AC54451B} = {201E5691-3901-4C33-B193-10B4B9D1CED0}
		{C2AD289B-5ED7-4985-B7A6-A9F94B776137} = {201E5691-3901-4C33-B193-10B4B9D1CED0}
		{29A0847C-A71D-4C3B-932F-9B472C0908C4} = {201E5691-3901-4C33-B193-10B4B9D1CED0}
		{CC7CD55C-A6DB-4810-A327-ACD00DFF5630} = {C8581B39-6AC0-4D1E-AF32-83C19F871B4E}
		{40C56846-04AF-457A-A68F-EBCABD765E70} = {C8581B39-6AC0-4D1E-AF32-83C19F871B4E}
		{3C9927E4-1008-4A8F-A0D9-0DBCFE8C6570} = {201E5691-3901-4C33-B193-10B4B9D1CED0}
	EndGlobalSection
	GlobalSection(TeamFoundationVersionControl) = preSolution
		SccNumberOfProjects = 9
		SccEnterpriseProvider = {4CA58AB2-18FA-4F8D-95D4-32DDF27D184C}
		SccTeamFoundationServer = https://shaodiyi.visualstudio.com/defaultcollection
		SccLocalPath0 = .
		SccProjectUniqueName1 = SocialSystem\\SocialSystem.modelproj
		SccProjectTopLevelParentUniqueName1 = BasePlace.sln
		SccProjectName1 = SocialSystem
		SccLocalPath1 = SocialSystem
		SccProjectUniqueName2 = WpfClient\\WpfClient.csproj
		SccProjectTopLevelParentUniqueName2 = BasePlace.sln
		SccProjectName2 = WpfClient
		SccLocalPath2 = WpfClient
		SccProjectUniqueName3 = BaseDataLayout\\BaseDataLayout.csproj
		SccProjectTopLevelParentUniqueName3 = BasePlace.sln
		SccProjectName3 = BaseDataLayout
		SccLocalPath3 = BaseDataLayout
		SccProjectUniqueName4 = BaseWebApi\\BaseWebApi.csproj
		SccProjectTopLevelParentUniqueName4 = BasePlace.sln
		SccProjectName4 = BaseWebApi
		SccLocalPath4 = BaseWebApi
		SccProjectUniqueName5 = WPFSignalRServer\\WPFSignalRServer.csproj
		SccProjectTopLevelParentUniqueName5 = BasePlace.sln
		SccProjectName5 = WPFSignalRServer
		SccLocalPath5 = WPFSignalRServer
		SccProjectUniqueName6 = WebSignalRClient\\WebClient.csproj
		SccProjectTopLevelParentUniqueName6 = BasePlace.sln
		SccProjectName6 = WebSignalRClient
		SccLocalPath6 = WebSignalRClient
		SccProjectUniqueName7 = WPFSignalRClient\\WPFSignalRClient.csproj
		SccProjectTopLevelParentUniqueName7 = BasePlace.sln
		SccProjectName7 = WPFSignalRClient
		SccLocalPath7 = WPFSignalRClient
		SccProjectUniqueName8 = SignalCore\\SignalCore.csproj
		SccProjectTopLevelParentUniqueName8 = BasePlace.sln
		SccProjectName8 = SignalCore
		SccLocalPath8 = SignalCore
	EndGlobalSection
EndGlobal
